{
    "version": 3,
    "terraform_version": "0.11.7",
    "serial": 6,
    "lineage": "a04b3bbb-f574-d776-5f51-37ed892e37ac",
    "modules": [
        {
            "path": [
                "root"
            ],
            "outputs": {},
            "resources": {
                "scaleway_security_group.http": {
                    "type": "scaleway_security_group",
                    "depends_on": [],
                    "primary": {
                        "id": "708edfa5-cb80-45fc-9d99-abdbbd9329a4",
                        "attributes": {
                            "description": "allow HTTP and HTTPS traffic",
                            "enable_default_security": "true",
                            "id": "708edfa5-cb80-45fc-9d99-abdbbd9329a4",
                            "name": "http"
                        },
                        "meta": {},
                        "tainted": false
                    },
                    "deposed": [],
                    "provider": "provider.scaleway"
                },
                "scaleway_security_group_rule.http_accept": {
                    "type": "scaleway_security_group_rule",
                    "depends_on": [
                        "scaleway_security_group.http"
                    ],
                    "primary": {
                        "id": "f5a7b5d6-0f92-4d21-a39b-3fe8d4f3db25",
                        "attributes": {
                            "action": "accept",
                            "direction": "inbound",
                            "id": "f5a7b5d6-0f92-4d21-a39b-3fe8d4f3db25",
                            "ip_range": "0.0.0.0/0",
                            "port": "80",
                            "protocol": "TCP",
                            "security_group": "708edfa5-cb80-45fc-9d99-abdbbd9329a4"
                        },
                        "meta": {},
                        "tainted": false
                    },
                    "deposed": [],
                    "provider": "provider.scaleway"
                },
                "scaleway_security_group_rule.https_accept": {
                    "type": "scaleway_security_group_rule",
                    "depends_on": [
                        "scaleway_security_group.http"
                    ],
                    "primary": {
                        "id": "2469abb3-c240-4ad4-8762-cc8f0b7bb97e",
                        "attributes": {
                            "action": "accept",
                            "direction": "inbound",
                            "id": "2469abb3-c240-4ad4-8762-cc8f0b7bb97e",
                            "ip_range": "0.0.0.0/0",
                            "port": "443",
                            "protocol": "TCP",
                            "security_group": "708edfa5-cb80-45fc-9d99-abdbbd9329a4"
                        },
                        "meta": {},
                        "tainted": false
                    },
                    "deposed": [],
                    "provider": "provider.scaleway"
                },
                "scaleway_server.allspark": {
                    "type": "scaleway_server",
                    "depends_on": [],
                    "primary": {
                        "id": "c26d4d71-69b6-4a63-ae32-5fb5891bd6d4",
                        "attributes": {
                            "boot_type": "bootscript",
                            "enable_ipv6": "false",
                            "id": "c26d4d71-69b6-4a63-ae32-5fb5891bd6d4",
                            "image": "2c493e89-350a-4eac-a29e-0cc7371476df",
                            "name": "0",
                            "private_ip": "10.1.242.161",
                            "public_ip": "",
                            "state": "running",
                            "state_detail": "booting kernel",
                            "tags.#": "0",
                            "type": "C2S"
                        },
                        "meta": {},
                        "tainted": false
                    },
                    "deposed": [],
                    "provider": "provider.scaleway"
                }
            },
            "depends_on": []
        }
    ]
}
